
Microsoft Visual Studio Solution File, Format Version 12.00
# Visual Studio 14
VisualStudioVersion = 14.0.24720.0
MinimumVisualStudioVersion = 10.0.40219.1
Project("{FAE04EC0-301F-11D3-BF4B-00C04F79EFBC}") = "SGCOM", "SGCOM\SGCOM.csproj", "{A428EFE3-724D-46B7-B027-1266482295A6}"
EndProject
Global
	GlobalSection(SolutionConfigurationPlatforms) = preSolution
		Debug|Any CPU = Debug|Any CPU
		LOCAL|Any CPU = LOCAL|Any CPU
		Release|Any CPU = Release|Any CPU
	EndGlobalSection
	GlobalSection(ProjectConfigurationPlatforms) = postSolution
		{A428EFE3-724D-46B7-B027-1266482295A6}.Debug|Any CPU.ActiveCfg = Debug|Any CPU
		{A428EFE3-724D-46B7-B027-1266482295A6}.Debug|Any CPU.Build.0 = Debug|Any CPU
		{A428EFE3-724D-46B7-B027-1266482295A6}.LOCAL|Any CPU.ActiveCfg = LOCAL|Any CPU
		{A428EFE3-724D-46B7-B027-1266482295A6}.LOCAL|Any CPU.Build.0 = LOCAL|Any CPU
		{A428EFE3-724D-46B7-B027-1266482295A6}.Release|Any CPU.ActiveCfg = Release|Any CPU
		{A428EFE3-724D-46B7-B027-1266482295A6}.Release|Any CPU.Build.0 = Release|Any CPU
	EndGlobalSection
	GlobalSection(SolutionProperties) = preSolution
		HideSolutionNode = FALSE
	EndGlobalSection
EndGlobal
